
Microsoft Visual Studio Solution File, Format Version 12.00
# Visual Studio Version 16
VisualStudioVersion = 16.0.29613.14
MinimumVisualStudioVersion = 10.0.40219.1
Project("{F14B399A-7131-4C87-9E4B-1186C45EF12D}") = "Test Report 1", "Test Report 1\Test Report 1.rptproj", "{8200226B-EF59-461F-8566-C5AF0AF972BF}"
EndProject
Global
	GlobalSection(SolutionConfigurationPlatforms) = preSolution
		Debug|Default = Debug|Default
		DebugLocal|Default = DebugLocal|Default
		Release|Default = Release|Default
	EndGlobalSection
	GlobalSection(ProjectConfigurationPlatforms) = postSolution
		{8200226B-EF59-461F-8566-C5AF0AF972BF}.Debug|Default.ActiveCfg = Debug
		{8200226B-EF59-461F-8566-C5AF0AF972BF}.Debug|Default.Build.0 = Debug
		{8200226B-EF59-461F-8566-C5AF0AF972BF}.Debug|Default.Deploy.0 = Debug
		{8200226B-EF59-461F-8566-C5AF0AF972BF}.DebugLocal|Default.ActiveCfg = DebugLocal
		{8200226B-EF59-461F-8566-C5AF0AF972BF}.DebugLocal|Default.Build.0 = DebugLocal
		{8200226B-EF59-461F-8566-C5AF0AF972BF}.Release|Default.ActiveCfg = Release
		{8200226B-EF59-461F-8566-C5AF0AF972BF}.Release|Default.Build.0 = Release
		{8200226B-EF59-461F-8566-C5AF0AF972BF}.Release|Default.Deploy.0 = Release
	EndGlobalSection
	GlobalSection(SolutionProperties) = preSolution
		HideSolutionNode = FALSE
	EndGlobalSection
	GlobalSection(ExtensibilityGlobals) = postSolution
		SolutionGuid = {4914BD94-503D-4B74-A937-6A610DDB8999}
	EndGlobalSection
EndGlobal
